# THIS IS AN AUTOGENERATED FILE. DO NOT EDIT THIS FILE DIRECTLY.
# yarn lockfile v1


"@adraffy/ens-normalize@1.10.1":
  version "1.10.1"
  resolved "https://registry.yarnpkg.com/@adraffy/ens-normalize/-/ens-normalize-1.10.1.tgz#63430d04bd8c5e74f8d7d049338f1cd9d4f02069"
  integrity sha512-96Z2IP3mYmF1Xg2cDm8f1gWGf/HUVedQ3FMifV4kG/PQ4yEP51xDtRAEfhVNt5f/uzpNkZHwWQuUcu6D6K+Ekw==

"@jridgewell/sourcemap-codec@^1.5.5":
  version "1.5.5"
  resolved "https://registry.yarnpkg.com/@jridgewell/sourcemap-codec/-/sourcemap-codec-1.5.5.tgz#6912b00d2c631c0d15ce1a7ab57cd657f2a8f8ba"
  integrity sha512-cYQ9310grqxueWbl+WuIUIaiUaDcj7WOq5fVhEljNVgRfOUhY9fy2zTvfoqWsnebh8Sl70VScFbICvJnLKB0Og==

"@noble/curves@1.2.0":
  version "1.2.0"
  resolved "https://registry.yarnpkg.com/@noble/curves/-/curves-1.2.0.tgz#92d7e12e4e49b23105a2555c6984d41733d65c35"
  integrity sha512-oYclrNgRaM9SsBUBVbb8M6DTV7ZHRTKugureoYEncY5c65HOmRzvSiTE3y5CYaPYJA/GVkrhXEoF0M3Ya9PMnw==
  dependencies:
    "@noble/hashes" "1.3.2"

"@noble/hashes@1.3.2":
  version "1.3.2"
  resolved "https://registry.yarnpkg.com/@noble/hashes/-/hashes-1.3.2.tgz#6f26dbc8fbc7205873ce3cee2f690eba0d421b39"
  integrity sha512-MVC8EAQp7MvEcm30KWENFjgR+Mkmf+D189XJTkFIlwohU5hcBbn1ZkKq7KVTi2Hme3PMGF390DaL52beVrIihQ==

"@rollup/plugin-commonjs@^29.0.0":
  version "29.0.2"
  resolved "https://registry.yarnpkg.com/@rollup/plugin-commonjs/-/plugin-commonjs-29.0.2.tgz#d2d84c49d0983d071f2ab96f4cfe02fe80abd602"
  integrity sha512-S/ggWH1LU7jTyi9DxZOKyxpVd4hF/OZ0JrEbeLjXk/DFXwRny0tjD2c992zOUYQobLrVkRVMDdmHP16HKP7GRg==
  dependencies:
    "@rollup/pluginutils" "^5.0.1"
    commondir "^1.0.1"
    estree-walker "^2.0.2"
    fdir "^6.2.0"
    is-reference "1.2.1"
    magic-string "^0.30.3"
    picomatch "^4.0.2"

"@rollup/plugin-json@^6.0.1":
  version "6.1.0"
  resolved "https://registry.yarnpkg.com/@rollup/plugin-json/-/plugin-json-6.1.0.tgz#fbe784e29682e9bb6dee28ea75a1a83702e7b805"
  integrity sha512-EGI2te5ENk1coGeADSIwZ7G2Q8CJS2sF120T7jLw4xFw9n7wIOXHo+kIYRAoVpJAN+kmqZSoO3Fp4JtoNF4ReA==
  dependencies:
    "@rollup/pluginutils" "^5.1.0"

"@rollup/plugin-node-resolve@^16.0.0":
  version "16.0.3"
  resolved "https://registry.yarnpkg.com/@rollup/plugin-node-resolve/-/plugin-node-resolve-16.0.3.tgz#0988e6f2cbb13316b0f5e7213f757bc9ed44928f"
  integrity sha512-lUYM3UBGuM93CnMPG1YocWu7X802BrNF3jW2zny5gQyLQgRFJhV1Sq0Zi74+dh/6NBx1DxFC4b4GXg9wUCG5Qg==
  dependencies:
    "@rollup/pluginutils" "^5.0.1"
    "@types/resolve" "1.20.2"
    deepmerge "^4.2.2"
    is-module "^1.0.0"
    resolve "^1.22.1"

"@rollup/plugin-typescript@^12.0.0":
  version "12.3.0"
  resolved "https://registry.yarnpkg.com/@rollup/plugin-typescript/-/plugin-typescript-12.3.0.tgz#cc51b830973bc14c9456fe6532f322f2a40f5f12"
  integrity sha512-7DP0/p7y3t67+NabT9f8oTBFE6gGkto4SA6Np2oudYmZE/m1dt8RB0SjL1msMxFpLo631qjRCcBlAbq1ml/Big==
  dependencies:
    "@rollup/pluginutils" "^5.1.0"
    resolve "^1.22.1"

"@rollup/pluginutils@^5.0.1", "@rollup/pluginutils@^5.1.0":
  version "5.3.0"
  resolved "https://registry.yarnpkg.com/@rollup/pluginutils/-/pluginutils-5.3.0.tgz#57ba1b0cbda8e7a3c597a4853c807b156e21a7b4"
  integrity sha512-5EdhGZtnu3V88ces7s53hhfK5KSASnJZv8Lulpc04cWO3REESroJXg73DFsOmgbU2BhwV0E20bu2IDZb3VKW4Q==
  dependencies:
    "@types/estree" "^1.0.0"
    estree-walker "^2.0.2"
    picomatch "^4.0.2"

"@rollup/rollup-android-arm-eabi@4.59.1":
  version "4.59.1"
  resolved "https://registry.yarnpkg.com/@rollup/rollup-android-arm-eabi/-/rollup-android-arm-eabi-4.59.1.tgz#293c7ace931724ea0c893c40b7bfcdce13de1798"
  integrity sha512-xB0b51TB7IfDEzAojXahmr+gfA00uYVInJGgNNkeQG6RPnCPGr7udsylFLTubuIUSRE6FkcI1NElyRt83PP5oQ==

"@rollup/rollup-android-arm64@4.59.1":
  version "4.59.1"
  resolved "https://registry.yarnpkg.com/@rollup/rollup-android-arm64/-/rollup-android-arm64-4.59.1.tgz#d515db16d43c1422b3156af16cccffd9d287cd2e"
  integrity sha512-XOjPId0qwSDKHaIsdzHJtKCxX0+nH8MhBwvrNsT7tVyKmdTx1jJ4XzN5RZXCdTzMpufLb+B8llTC0D8uCrLhcw==

"@rollup/rollup-darwin-arm64@4.59.1":
  version "4.59.1"
  resolved "https://registry.yarnpkg.com/@rollup/rollup-darwin-arm64/-/rollup-darwin-arm64-4.59.1.tgz#fc78aba712b5551932d6fa0745c9dbff43d9d26d"
  integrity sha512-vQuRd28p0gQpPrS6kppd8IrWmFo42U8Pz1XLRjSZXq5zCqyMDYFABT7/sywL11mO1EL10Qhh7MVPEwkG8GiBeg==

"@rollup/rollup-darwin-x64@4.59.1":
  version "4.59.1"
  resolved "https://registry.yarnpkg.com/@rollup/rollup-darwin-x64/-/rollup-darwin-x64-4.59.1.tgz#7896c8ee8345e41e85f1353225ce661e3c01fc9a"
  integrity sha512-x6VG6U29+Ivlnajrg1IHdzXeAwSoEHBFVO+CtC9Brugx6de712CUJobRUxsIA0KYrQvCmzNrMPFTT1A4CCqNTg==

"@rollup/rollup-freebsd-arm64@4.59.1":
  version "4.59.1"
  resolved "https://registry.yarnpkg.com/@rollup/rollup-freebsd-arm64/-/rollup-freebsd-arm64-4.59.1.tgz#ccab030f0e40371ce6087de438e54726da337564"
  integrity sha512-Sgi0Uo6t1YCHJMNO3Y8+bm+SvOanUGkoZKn/VJPwYUe2kp31X5KnXmzKd/NjW8iA3gFcfNZ64zh14uOGrIllCQ==

"@rollup/rollup-freebsd-x64@4.59.1":
  version "4.59.1"
  resolved "https://registry.yarnpkg.com/@rollup/rollup-freebsd-x64/-/rollup-freebsd-x64-4.59.1.tgz#337571ea38bcd6ee8a1d7ce2c2e12c2e54d04154"
  integrity sha512-AM4xnwEZwukdhk7laMWfzWu9JGSVnJd+Fowt6Fd7QW1nrf3h0Hp7Qx5881M4aqrUlKBCybOxz0jofvIIfl7C5g==

"@rollup/rollup-linux-arm-gnueabihf@4.59.1":
  version "4.59.1"
  resolved "https://registry.yarnpkg.com/@rollup/rollup-linux-arm-gnueabihf/-/rollup-linux-arm-gnueabihf-4.59.1.tgz#34a6f3b7886d656085f7453c4c1eeaaa819af693"
  integrity sha512-KUizqxpwaR2AZdAUsMWfL/C94pUu7TKpoPd88c8yFVixJ+l9hejkrwoK5Zj3wiNh65UeyryKnJyxL1b7yNqFQA==

"@rollup/rollup-linux-arm-musleabihf@4.59.1":
  version "4.59.1"
  resolved "https://registry.yarnpkg.com/@rollup/rollup-linux-arm-musleabihf/-/rollup-linux-arm-musleabihf-4.59.1.tgz#cb04403e91011653877a2d6424d37f0c3d865ba1"
  integrity sha512-MZoQ/am77ckJtZGFAtPucgUuJWiop3m2R3lw7tC0QCcbfl4DRhQUBUkHWCkcrT3pqy5Mzv5QQgY6Dmlba6iTWg==

"@rollup/rollup-linux-arm64-gnu@4.59.1":
  version "4.59.1"
  resolved "https://registry.yarnpkg.com/@rollup/rollup-linux-arm64-gnu/-/rollup-linux-arm64-gnu-4.59.1.tgz#3e126c47029b11233e71ba9294cac4d91224bf98"
  integrity sha512-Sez95TP6xGjkWB1608EfhCX1gdGrO5wzyN99VqzRtC17x/1bhw5VU1V0GfKUwbW/Xr1J8mSasoFoJa6Y7aGGSA==

"@rollup/rollup-linux-arm64-musl@4.59.1":
  version "4.59.1"
  resolved "https://registry.yarnpkg.com/@rollup/rollup-linux-arm64-musl/-/rollup-linux-arm64-musl-4.59.1.tgz#c64bbccdd0b3f038e623c33390137fc442a436f3"
  integrity sha512-9Cs2Seq98LWNOJzR89EGTZoiP8EkZ9UbQhBlDgfAkM6asVna1xJ04W2CLYWDN/RpUgOjtQvcv8wQVi1t5oQazA==

"@rollup/rollup-linux-loong64-gnu@4.59.1":
  version "4.59.1"
  resolved "https://registry.yarnpkg.com/@rollup/rollup-linux-loong64-gnu/-/rollup-linux-loong64-gnu-4.59.1.tgz#464182db5a8678651c5b4b3abb1ad2388f9662ac"
  integrity sha512-n9yqttftgFy7IrNEnHy1bOp6B4OSe8mJDiPkT7EqlM9FnKOwUMnCK62ixW0Kd9Clw0/wgvh8+SqaDXMFvw3KqQ==

"@rollup/rollup-linux-loong64-musl@4.59.1":
  version "4.59.1"
  resolved "https://registry.yarnpkg.com/@rollup/rollup-linux-loong64-musl/-/rollup-linux-loong64-musl-4.59.1.tgz#6aee3f801d78ae757b157b843b44adda8661ba17"
  integrity sha512-SfpNXDzVTqs/riak4xXcLpq5gIQWsqGWMhN1AGRQKB4qGSs4r0sEs3ervXPcE1O9RsQ5bm8Muz6zmQpQnPss1g==

"@rollup/rollup-linux-ppc64-gnu@4.59.1":
  version "4.59.1"
  resolved "https://registry.yarnpkg.com/@rollup/rollup-linux-ppc64-gnu/-/rollup-linux-ppc64-gnu-4.59.1.tgz#e042401f8bc3c113151adf4a1e34b8d9a77733a5"
  integrity sha512-LjaChED0wQnjKZU+tsmGbN+9nN1XhaWUkAlSbTdhpEseCS4a15f/Q8xC2BN4GDKRzhhLZpYtJBZr2NZhR0jvNw==

"@rollup/rollup-linux-ppc64-musl@4.59.1":
  version "4.59.1"
  resolved "https://registry.yarnpkg.com/@rollup/rollup-linux-ppc64-musl/-/rollup-linux-ppc64-musl-4.59.1.tgz#054f97093ecdba6818b7e6c679867848a4bc2ef3"
  integrity sha512-ojW7iTJSIs4pwB2xV6QXGwNyDctvXOivYllttuPbXguuKDX5vwpqYJsHc6D2LZzjDGHML414Tuj3LvVPe1CT1A==

"@rollup/rollup-linux-riscv64-gnu@4.59.1":
  version "4.59.1"
  resolved "https://registry.yarnpkg.com/@rollup/rollup-linux-riscv64-gnu/-/rollup-linux-riscv64-gnu-4.59.1.tgz#9afb36238568332f487b5969c98443022e38ce4a"
  integrity sha512-FP+Q6WTcxxvsr0wQczhSE+tOZvFPV8A/mUE6mhZYFW9/eea/y/XqAgRoLLMuE9Cz0hfX5bi7p116IWoB+P237A==

"@rollup/rollup-linux-riscv64-musl@4.59.1":
  version "4.59.1"
  resolved "https://registry.yarnpkg.com/@rollup/rollup-linux-riscv64-musl/-/rollup-linux-riscv64-musl-4.59.1.tgz#2eeed50b44113daa9e1971dd3129c19d471a7d3e"
  integrity sha512-L1uD9b/Ig8Z+rn1KttCJjwhN1FgjRMBKsPaBsDKkfUl7GfFq71pU4vWCnpOsGljycFEbkHWARZLf4lMYg3WOLw==

"@rollup/rollup-linux-s390x-gnu@4.59.1":
  version "4.59.1"
  resolved "https://registry.yarnpkg.com/@rollup/rollup-linux-s390x-gnu/-/rollup-linux-s390x-gnu-4.59.1.tgz#a3e8847717146787221cd05bc9ad32250b785850"
  integrity sha512-EZc9NGTk/oSUzzOD4nYY4gIjteo2M3CiozX6t1IXGCOdgxJTlVu/7EdPeiqeHPSIrxkLhavqpBAUCfvC6vBOug==

"@rollup/rollup-linux-x64-gnu@4.59.1":
  version "4.59.1"
  resolved "https://registry.yarnpkg.com/@rollup/rollup-linux-x64-gnu/-/rollup-linux-x64-gnu-4.59.1.tgz#4932391a94e114d83ec4acbf265437dc4a17e8b2"
  integrity sha512-NQ9KyU1Anuy59L8+HHOKM++CoUxrQWrZWXRik4BJFm+7i5NP6q/SW43xIBr80zzt+PDBJ7LeNmloQGfa0JGk0w==

"@rollup/rollup-linux-x64-musl@4.59.1":
  version "4.59.1"
  resolved "https://registry.yarnpkg.com/@rollup/rollup-linux-x64-musl/-/rollup-linux-x64-musl-4.59.1.tgz#9992b9dfc520f95eb03c81f217431c89ca0afbd7"
  integrity sha512-GZkLk2t6naywsveSFBsEb0PLU+JC9ggVjbndsbG20VPhar6D1gkMfCx4NfP9owpovBXTN+eRdqGSkDGIxPHhmQ==

"@rollup/rollup-openbsd-x64@4.59.1":
  version "4.59.1"
  resolved "https://registry.yarnpkg.com/@rollup/rollup-openbsd-x64/-/rollup-openbsd-x64-4.59.1.tgz#df6aab9b141c17bdff023ce6a33ef15cdf4262f7"
  integrity sha512-1hjG9Jpl2KDOetr64iQd8AZAEjkDUUK5RbDkYWsViYLC1op1oNzdjMJeFiofcGhqbNTaY2kfgqowE7DILifsrA==

"@rollup/rollup-openharmony-arm64@4.59.1":
  version "4.59.1"
  resolved "https://registry.yarnpkg.com/@rollup/rollup-openharmony-arm64/-/rollup-openharmony-arm64-4.59.1.tgz#04c1d306cd793d7a323a074b592f24eec464d0de"
  integrity sha512-ARoKfflk0SiiYm3r1fmF73K/yB+PThmOwfWCk1sr7x/k9dc3uGLWuEE9if+Pw21el8MSpp3TMnG5vLNsJ/MMGQ==

"@rollup/rollup-win32-arm64-msvc@4.59.1":
  version "4.59.1"
  resolved "https://registry.yarnpkg.com/@rollup/rollup-win32-arm64-msvc/-/rollup-win32-arm64-msvc-4.59.1.tgz#09fbfdea44141969362ca2efa81f0ec5b09907e1"
  integrity sha512-oOST61G6VM45Mz2vdzWMr1s2slI7y9LqxEV5fCoWi2MDONmMvgsJVHSXxce/I2xOSZPTZ47nDPOl1tkwKWSHcw==

"@rollup/rollup-win32-ia32-msvc@4.59.1":
  version "4.59.1"
  resolved "https://registry.yarnpkg.com/@rollup/rollup-win32-ia32-msvc/-/rollup-win32-ia32-msvc-4.59.1.tgz#4ee44062f006cb4fbaece8b80df8763b579b7e12"
  integrity sha512-x5WgLi5dWpRz7WclKBGEF15LcWTh0ewrHM6Cq4A+WUbkysUMZNeqt05bwPonOQ3ihPS/WMhAZV5zB1DfnI4Sxg==

"@rollup/rollup-win32-x64-gnu@4.59.1":
  version "4.59.1"
  resolved "https://registry.yarnpkg.com/@rollup/rollup-win32-x64-gnu/-/rollup-win32-x64-gnu-4.59.1.tgz#674ceffec300d70a3461a33d0b5d51f4f5124174"
  integrity sha512-wS+zHAJRVP5zOL0e+a3V3E/NTEwM2HEvvNKoDy5Xcfs0o8lljxn+EAFPkUsxihBdmDq1JWzXmmB9cbssCPdxxw==

"@rollup/rollup-win32-x64-msvc@4.59.1":
  version "4.59.1"
  resolved "https://registry.yarnpkg.com/@rollup/rollup-win32-x64-msvc/-/rollup-win32-x64-msvc-4.59.1.tgz#09b227bf65891604476aa31d3762ba2ef830597d"
  integrity sha512-rhHyrMeLpErT/C7BxcEsU4COHQUzHyrPYW5tOZUeUhziNtRuYxmDWvqQqzpuUt8xpOgmbKa1btGXfnA/ANVO+g==

"@types/bn.js@*":
  version "5.1.5"
  resolved "https://registry.yarnpkg.com/@types/bn.js/-/bn.js-5.1.5.tgz#2e0dacdcce2c0f16b905d20ff87aedbc6f7b4bf0"
  integrity sha512-V46N0zwKRF5Q00AZ6hWtN0T8gGmDUaUzLWQvHFo5yThtVwK/VCenFY3wXVbOvNfajEpsTfQM4IN9k/d6gUVX3A==
  dependencies:
    "@types/node" "*"

"@types/elliptic@^6.4.17":
  version "6.4.18"
  resolved "https://registry.yarnpkg.com/@types/elliptic/-/elliptic-6.4.18.tgz#bc96e26e1ccccbabe8b6f0e409c85898635482e1"
  integrity sha512-UseG6H5vjRiNpQvrhy4VF/JXdA3V/Fp5amvveaL+fs28BZ6xIKJBPnUPRlEaZpysD9MbpfaLi8lbl7PGUAkpWw==
  dependencies:
    "@types/bn.js" "*"

"@types/estree@*", "@types/estree@1.0.8", "@types/estree@^1.0.0":
  version "1.0.8"
  resolved "https://registry.yarnpkg.com/@types/estree/-/estree-1.0.8.tgz#958b91c991b1867ced318bedea0e215ee050726e"
  integrity sha512-dWHzHa2WqEXI/O1E9OjrocMTKJl2mSrEolh1Iomrv6U+JuNwaHXsXx9bLu5gG7BUWFIN0skIQJQ/L1rIex4X6w==

"@types/node@*":
  version "20.9.2"
  resolved "https://registry.yarnpkg.com/@types/node/-/node-20.9.2.tgz#002815c8e87fe0c9369121c78b52e800fadc0ac6"
  integrity sha512-WHZXKFCEyIUJzAwh3NyyTHYSR35SevJ6mZ1nWwJafKtiQbqRTIKSRcw3Ma3acqgsent3RRDqeVwpHntMk+9irg==
  dependencies:
    undici-types "~5.26.4"

"@types/node@22.7.5":
  version "22.7.5"
  resolved "https://registry.yarnpkg.com/@types/node/-/node-22.7.5.tgz#cfde981727a7ab3611a481510b473ae54442b92b"
  integrity sha512-jML7s2NAzMWc//QSJ1a3prpk78cOPchGvXJsC3C6R6PSMoooztvRVQEz89gmBTBY1SPMaqo5teB4uNHPdetShQ==
  dependencies:
    undici-types "~6.19.2"

"@types/resolve@1.20.2":
  version "1.20.2"
  resolved "https://registry.yarnpkg.com/@types/resolve/-/resolve-1.20.2.tgz#97d26e00cd4a0423b4af620abecf3e6f442b7975"
  integrity sha512-60BCwRFOZCQhDncwQdxxeOEEkbc5dIMccYLwbxsS4TUNeVECQ/pBJ0j09mrHOl/JJvpRPGwO9SvE4nR2Nb/a4Q==

aes-js@4.0.0-beta.5:
  version "4.0.0-beta.5"
  resolved "https://registry.yarnpkg.com/aes-js/-/aes-js-4.0.0-beta.5.tgz#8d2452c52adedebc3a3e28465d858c11ca315873"
  integrity sha512-G965FqalsNyrPqgEGON7nIx1e/OVENSgiEIzyC63haUMuvNnwIgIjMs52hlTCKhkBny7A2ORNlfY9Zu+jmGk1Q==

balanced-match@^4.0.2:
  version "4.0.4"
  resolved "https://registry.yarnpkg.com/balanced-match/-/balanced-match-4.0.4.tgz#bfb10662feed8196a2c62e7c68e17720c274179a"
  integrity sha512-BLrgEcRTwX2o6gGxGOCNyMvGSp35YofuYzw9h1IMTRmKqttAZZVU67bdb9Pr2vUHA8+j3i2tJfjO6C6+4myGTA==

bn.js@^4.11.9:
  version "4.12.1"
  resolved "https://registry.yarnpkg.com/bn.js/-/bn.js-4.12.1.tgz#215741fe3c9dba2d7e12c001d0cfdbae43975ba7"
  integrity sha512-k8TVBiPkPJT9uHLdOKfFpqcfprwBFOAAXXozRubr7R7PfIuKvQlzcI4M0pALeqXN09vdaMbUdUj+pass+uULAg==

brace-expansion@^5.0.2:
  version "5.0.4"
  resolved "https://registry.yarnpkg.com/brace-expansion/-/brace-expansion-5.0.4.tgz#614daaecd0a688f660bbbc909a8748c3d80d4336"
  integrity sha512-h+DEnpVvxmfVefa4jFbCf5HdH5YMDXRsmKflpf1pILZWRFlTbJpxeU55nJl4Smt5HQaGzg1o6RHFPJaOqnmBDg==
  dependencies:
    balanced-match "^4.0.2"

brorand@^1.1.0:
  version "1.1.0"
  resolved "https://registry.yarnpkg.com/brorand/-/brorand-1.1.0.tgz#12c25efe40a45e3c323eb8675a0a0ce57b22371f"
  integrity sha512-cKV8tMCEpQs4hK/ik71d6LrPOnpkpGBR0wzxqr68g2m/LB2GxVYQroAjMJZRVM1Y4BCjCKc3vAamxSzOY2RP+w==

commondir@^1.0.1:
  version "1.0.1"
  resolved "https://registry.yarnpkg.com/commondir/-/commondir-1.0.1.tgz#ddd800da0c66127393cca5950ea968a3aaf1253b"
  integrity sha512-W9pAhw0ja1Edb5GVdIF1mjZw/ASI0AlShXM83UUGe2DVr5TdAPEA1OA8m/g8zWp9x6On7gqufY+FatDbC3MDQg==

deepmerge@^4.2.2:
  version "4.3.1"
  resolved "https://registry.yarnpkg.com/deepmerge/-/deepmerge-4.3.1.tgz#44b5f2147cd3b00d4b56137685966f26fd25dd4a"
  integrity sha512-3sUqbMEc77XqpdNO7FRyRog+eW3ph+GYCbj+rK+uYyRMuwsVy0rMiVtPn+QJlKFvWP/1PYpapqYn0Me2knFn+A==

elliptic@^6.5.4:
  version "6.6.1"
  resolved "https://registry.yarnpkg.com/elliptic/-/elliptic-6.6.1.tgz#3b8ffb02670bf69e382c7f65bf524c97c5405c06"
  integrity sha512-RaddvvMatK2LJHqFJ+YA4WysVN5Ita9E35botqIYspQ4TkRAlCicdzKOjlyv/1Za5RyTNn7di//eEV0uTAfe3g==
  dependencies:
    bn.js "^4.11.9"
    brorand "^1.1.0"
    hash.js "^1.0.0"
    hmac-drbg "^1.0.1"
    inherits "^2.0.4"
    minimalistic-assert "^1.0.1"
    minimalistic-crypto-utils "^1.0.1"

estree-walker@^2.0.2:
  version "2.0.2"
  resolved "https://registry.yarnpkg.com/estree-walker/-/estree-walker-2.0.2.tgz#52f010178c2a4c117a7757cfe942adb7d2da4cac"
  integrity sha512-Rfkk/Mp/DL7JVje3u18FxFujQlTNR2q6QfMSMB7AvCBx91NGj/ba3kCfza0f6dVDbw7YlRf/nDrn7pQrCCyQ/w==

ethers@^6.0.0:
  version "6.16.0"
  resolved "https://registry.yarnpkg.com/ethers/-/ethers-6.16.0.tgz#fff9b4f05d7a359c774ad6e91085a800f7fccf65"
  integrity sha512-U1wulmetNymijEhpSEQ7Ct/P/Jw9/e7R1j5XIbPRydgV2DjLVMsULDlNksq3RQnFgKoLlZf88ijYtWEXcPa07A==
  dependencies:
    "@adraffy/ens-normalize" "1.10.1"
    "@noble/curves" "1.2.0"
    "@noble/hashes" "1.3.2"
    "@types/node" "22.7.5"
    aes-js "4.0.0-beta.5"
    tslib "2.7.0"
    ws "8.17.1"

fdir@^6.2.0:
  version "6.5.0"
  resolved "https://registry.yarnpkg.com/fdir/-/fdir-6.5.0.tgz#ed2ab967a331ade62f18d077dae192684d50d350"
  integrity sha512-tIbYtZbucOs0BRGqPJkshJUYdL+SDH7dVM8gjy+ERp3WAUjLEFJE+02kanyHtwjWOnwrKYBiwAmM0p4kLJAnXg==

fsevents@~2.3.2:
  version "2.3.3"
  resolved "https://registry.yarnpkg.com/fsevents/-/fsevents-2.3.3.tgz#cac6407785d03675a2a5e1a5305c697b347d90d6"
  integrity sha512-5xoDfX+fL7faATnagmWPpbFtwh/R77WmMMqqHGS65C3vvB0YHrgF+B1YmZ3441tMj5n63k0212XNoJwzlhffQw==

function-bind@^1.1.2:
  version "1.1.2"
  resolved "https://registry.yarnpkg.com/function-bind/-/function-bind-1.1.2.tgz#2c02d864d97f3ea6c8830c464cbd11ab6eab7a1c"
  integrity sha512-7XHNxH7qX9xG5mIwxkhumTox/MIRNcOgDrxWsMt2pAr23WHp6MrRlN7FBSFpCpr+oVO0F744iUgR82nJMfG2SA==

glob@^13.0.3:
  version "13.0.6"
  resolved "https://registry.yarnpkg.com/glob/-/glob-13.0.6.tgz#078666566a425147ccacfbd2e332deb66a2be71d"
  integrity sha512-Wjlyrolmm8uDpm/ogGyXZXb1Z+Ca2B8NbJwqBVg0axK9GbBeoS7yGV6vjXnYdGm6X53iehEuxxbyiKp8QmN4Vw==
  dependencies:
    minimatch "^10.2.2"
    minipass "^7.1.3"
    path-scurry "^2.0.2"

hash.js@^1.0.0, hash.js@^1.0.3:
  version "1.1.7"
  resolved "https://registry.yarnpkg.com/hash.js/-/hash.js-1.1.7.tgz#0babca538e8d4ee4a0f8988d68866537a003cf42"
  integrity sha512-taOaskGt4z4SOANNseOviYDvjEJinIkRgmp7LbKP2YTTmVxWBl87s/uzK9r+44BclBSp2X7K1hqeNfz9JbBeXA==
  dependencies:
    inherits "^2.0.3"
    minimalistic-assert "^1.0.1"

hasown@^2.0.2:
  version "2.0.2"
  resolved "https://registry.yarnpkg.com/hasown/-/hasown-2.0.2.tgz#003eaf91be7adc372e84ec59dc37252cedb80003"
  integrity sha512-0hJU9SCPvmMzIBdZFqNPXWa6dqh7WdH0cII9y+CyS8rG3nL48Bclra9HmKhVVUHyPWNH5Y7xDwAB7bfgSjkUMQ==
  dependencies:
    function-bind "^1.1.2"

hmac-drbg@^1.0.1:
  version "1.0.1"
  resolved "https://registry.yarnpkg.com/hmac-drbg/-/hmac-drbg-1.0.1.tgz#d2745701025a6c775a6c545793ed502fc0c649a1"
  integrity sha512-Tti3gMqLdZfhOQY1Mzf/AanLiqh1WTiJgEj26ZuYQ9fbkLomzGchCws4FyrSd4VkpBfiNhaE1On+lOz894jvXg==
  dependencies:
    hash.js "^1.0.3"
    minimalistic-assert "^1.0.0"
    minimalistic-crypto-utils "^1.0.1"

husky@9.1.7:
  version "9.1.7"
  resolved "https://registry.yarnpkg.com/husky/-/husky-9.1.7.tgz#d46a38035d101b46a70456a850ff4201344c0b2d"
  integrity sha512-5gs5ytaNjBrh5Ow3zrvdUUY+0VxIuWVL4i9irt6friV+BqdCfmV11CQTWMiBYWHbXhco+J1kHfTOUkePhCDvMA==

inherits@^2.0.3, inherits@^2.0.4:
  version "2.0.4"
  resolved "https://registry.yarnpkg.com/inherits/-/inherits-2.0.4.tgz#0fa2c64f932917c3433a0ded55363aae37416b7c"
  integrity sha512-k/vGaX4/Yla3WzyMCvTQOXYeIHvqOKtnqBduzTHpzpQZzAskKMhZ2K+EnBiSM9zGSoIFeMpXKxa4dYeZIQqewQ==

is-core-module@^2.16.1:
  version "2.16.1"
  resolved "https://registry.yarnpkg.com/is-core-module/-/is-core-module-2.16.1.tgz#2a98801a849f43e2add644fbb6bc6229b19a4ef4"
  integrity sha512-UfoeMA6fIJ8wTYFEUjelnaGI67v6+N7qXJEvQuIGa99l4xsCruSYOVSQ0uPANn4dAzm8lkYPaKLrrijLq7x23w==
  dependencies:
    hasown "^2.0.2"

is-module@^1.0.0:
  version "1.0.0"
  resolved "https://registry.yarnpkg.com/is-module/-/is-module-1.0.0.tgz#3258fb69f78c14d5b815d664336b4cffb6441591"
  integrity sha512-51ypPSPCoTEIN9dy5Oy+h4pShgJmPCygKfyRCISBI+JoWT/2oJvK8QPxmwv7b/p239jXrm9M1mlQbyKJ5A152g==

is-reference@1.2.1:
  version "1.2.1"
  resolved "https://registry.yarnpkg.com/is-reference/-/is-reference-1.2.1.tgz#8b2dac0b371f4bc994fdeaba9eb542d03002d0b7"
  integrity sha512-U82MsXXiFIrjCK4otLT+o2NA2Cd2g5MLoOVXUZjIOhLurrRxpEXzI8O0KZHr3IjLvlAH1kTPYSuqer5T9ZVBKQ==
  dependencies:
    "@types/estree" "*"

lru-cache@^11.0.0:
  version "11.2.7"
  resolved "https://registry.yarnpkg.com/lru-cache/-/lru-cache-11.2.7.tgz#9127402617f34cd6767b96daee98c28e74458d35"
  integrity sha512-aY/R+aEsRelme17KGQa/1ZSIpLpNYYrhcrepKTZgE+W3WM16YMCaPwOHLHsmopZHELU0Ojin1lPVxKR0MihncA==

magic-string@^0.30.3:
  version "0.30.21"
  resolved "https://registry.yarnpkg.com/magic-string/-/magic-string-0.30.21.tgz#56763ec09a0fa8091df27879fd94d19078c00d91"
  integrity sha512-vd2F4YUyEXKGcLHoq+TEyCjxueSeHnFxyyjNp80yg0XV4vUhnDer/lvvlqM/arB5bXQN5K2/3oinyCRyx8T2CQ==
  dependencies:
    "@jridgewell/sourcemap-codec" "^1.5.5"

minimalistic-assert@^1.0.0, minimalistic-assert@^1.0.1:
  version "1.0.1"
  resolved "https://registry.yarnpkg.com/minimalistic-assert/-/minimalistic-assert-1.0.1.tgz#2e194de044626d4a10e7f7fbc00ce73e83e4d5c7"
  integrity sha512-UtJcAD4yEaGtjPezWuO9wC4nwUnVH/8/Im3yEHQP4b67cXlD/Qr9hdITCU1xDbSEXg2XKNaP8jsReV7vQd00/A==

minimalistic-crypto-utils@^1.0.1:
  version "1.0.1"
  resolved "https://registry.yarnpkg.com/minimalistic-crypto-utils/-/minimalistic-crypto-utils-1.0.1.tgz#f6c00c1c0b082246e5c4d99dfb8c7c083b2b582a"
  integrity sha512-JIYlbt6g8i5jKfJ3xz7rF0LXmv2TkDxBLUkiBeZ7bAx4GnnNMr8xFpGnOxn6GhTEHx3SjRrZEoU+j04prX1ktg==

minimatch@^10.2.2:
  version "10.2.4"
  resolved "https://registry.yarnpkg.com/minimatch/-/minimatch-10.2.4.tgz#465b3accbd0218b8281f5301e27cedc697f96fde"
  integrity sha512-oRjTw/97aTBN0RHbYCdtF1MQfvusSIBQM0IZEgzl6426+8jSC0nF1a/GmnVLpfB9yyr6g6FTqWqiZVbxrtaCIg==
  dependencies:
    brace-expansion "^5.0.2"

minipass@^7.1.2, minipass@^7.1.3:
  version "7.1.3"
  resolved "https://registry.yarnpkg.com/minipass/-/minipass-7.1.3.tgz#79389b4eb1bb2d003a9bba87d492f2bd37bdc65b"
  integrity sha512-tEBHqDnIoM/1rXME1zgka9g6Q2lcoCkxHLuc7ODJ5BxbP5d4c2Z5cGgtXAku59200Cx7diuHTOYfSBD8n6mm8A==

package-json-from-dist@^1.0.1:
  version "1.0.1"
  resolved "https://registry.yarnpkg.com/package-json-from-dist/-/package-json-from-dist-1.0.1.tgz#4f1471a010827a86f94cfd9b0727e36d267de505"
  integrity sha512-UEZIS3/by4OC8vL3P2dTXRETpebLI2NiI5vIrjaD/5UtrkFX/tNbwjTSRAGC/+7CAo2pIcBaRgWmcBBHcsaCIw==

path-parse@^1.0.7:
  version "1.0.7"
  resolved "https://registry.yarnpkg.com/path-parse/-/path-parse-1.0.7.tgz#fbc114b60ca42b30d9daf5858e4bd68bbedb6735"
  integrity sha512-LDJzPVEEEPR+y48z93A0Ed0yXb8pAByGWo/k5YYdYgpY2/2EsOsksJrq7lOHxryrVOn1ejG6oAp8ahvOIQD8sw==

path-scurry@^2.0.2:
  version "2.0.2"
  resolved "https://registry.yarnpkg.com/path-scurry/-/path-scurry-2.0.2.tgz#6be0d0ee02a10d9e0de7a98bae65e182c9061f85"
  integrity sha512-3O/iVVsJAPsOnpwWIeD+d6z/7PmqApyQePUtCndjatj/9I5LylHvt5qluFaBT3I5h3r1ejfR056c+FCv+NnNXg==
  dependencies:
    lru-cache "^11.0.0"
    minipass "^7.1.2"

picomatch@^4.0.2:
  version "4.0.3"
  resolved "https://registry.yarnpkg.com/picomatch/-/picomatch-4.0.3.tgz#796c76136d1eead715db1e7bad785dedd695a042"
  integrity sha512-5gTmgEY/sqK6gFXLIsQNH19lWb4ebPDLA4SdLP7dsWkIXHWlG66oPuVvXSGFPppYZz8ZDZq0dYYrbHfBCVUb1Q==

prettier@3.8.1:
  version "3.8.1"
  resolved "https://registry.yarnpkg.com/prettier/-/prettier-3.8.1.tgz#edf48977cf991558f4fcbd8a3ba6015ba2a3a173"
  integrity sha512-UOnG6LftzbdaHZcKoPFtOcCKztrQ57WkHDeRD9t/PTQtmT0NHSeWWepj6pS0z/N7+08BHFDQVUrfmfMRcZwbMg==

resolve@^1.22.1:
  version "1.22.11"
  resolved "https://registry.yarnpkg.com/resolve/-/resolve-1.22.11.tgz#aad857ce1ffb8bfa9b0b1ac29f1156383f68c262"
  integrity sha512-RfqAvLnMl313r7c9oclB1HhUEAezcpLjz95wFH4LVuhk9JF/r22qmVP9AMmOU4vMX7Q8pN8jwNg/CSpdFnMjTQ==
  dependencies:
    is-core-module "^2.16.1"
    path-parse "^1.0.7"
    supports-preserve-symlinks-flag "^1.0.0"

rimraf@6.1.3:
  version "6.1.3"
  resolved "https://registry.yarnpkg.com/rimraf/-/rimraf-6.1.3.tgz#afbee236b3bd2be331d4e7ce4493bac1718981af"
  integrity sha512-LKg+Cr2ZF61fkcaK1UdkH2yEBBKnYjTyWzTJT6KNPcSPaiT7HSdhtMXQuN5wkTX0Xu72KQ1l8S42rlmexS2hSA==
  dependencies:
    glob "^13.0.3"
    package-json-from-dist "^1.0.1"

rollup@^4.0.0:
  version "4.59.1"
  resolved "https://registry.yarnpkg.com/rollup/-/rollup-4.59.1.tgz#959b5db53876a9d0d009cc70cb81b47fdc79f095"
  integrity sha512-iZKH8BeoCwTCBTZBZWQQMreekd4mdomwdjIQ40GC1oZm6o+8PnNMIxFOiCsGMWeS8iDJ7KZcl7KwmKk/0HOQpA==
  dependencies:
    "@types/estree" "1.0.8"
  optionalDependencies:
    "@rollup/rollup-android-arm-eabi" "4.59.1"
    "@rollup/rollup-android-arm64" "4.59.1"
    "@rollup/rollup-darwin-arm64" "4.59.1"
    "@rollup/rollup-darwin-x64" "4.59.1"
    "@rollup/rollup-freebsd-arm64" "4.59.1"
    "@rollup/rollup-freebsd-x64" "4.59.1"
    "@rollup/rollup-linux-arm-gnueabihf" "4.59.1"
    "@rollup/rollup-linux-arm-musleabihf" "4.59.1"
    "@rollup/rollup-linux-arm64-gnu" "4.59.1"
    "@rollup/rollup-linux-arm64-musl" "4.59.1"
    "@rollup/rollup-linux-loong64-gnu" "4.59.1"
    "@rollup/rollup-linux-loong64-musl" "4.59.1"
    "@rollup/rollup-linux-ppc64-gnu" "4.59.1"
    "@rollup/rollup-linux-ppc64-musl" "4.59.1"
    "@rollup/rollup-linux-riscv64-gnu" "4.59.1"
    "@rollup/rollup-linux-riscv64-musl" "4.59.1"
    "@rollup/rollup-linux-s390x-gnu" "4.59.1"
    "@rollup/rollup-linux-x64-gnu" "4.59.1"
    "@rollup/rollup-linux-x64-musl" "4.59.1"
    "@rollup/rollup-openbsd-x64" "4.59.1"
    "@rollup/rollup-openharmony-arm64" "4.59.1"
    "@rollup/rollup-win32-arm64-msvc" "4.59.1"
    "@rollup/rollup-win32-ia32-msvc" "4.59.1"
    "@rollup/rollup-win32-x64-gnu" "4.59.1"
    "@rollup/rollup-win32-x64-msvc" "4.59.1"
    fsevents "~2.3.2"

supports-preserve-symlinks-flag@^1.0.0:
  version "1.0.0"
  resolved "https://registry.yarnpkg.com/supports-preserve-symlinks-flag/-/supports-preserve-symlinks-flag-1.0.0.tgz#6eda4bd344a3c94aea376d4cc31bc77311039e09"
  integrity sha512-ot0WnXS9fgdkgIcePe6RHNk1WA8+muPa6cSjeR3V8K27q9BB1rTE3R1p7Hv0z1ZyAc8s6Vvv8DIyWf681MAt0w==

tslib@2.7.0:
  version "2.7.0"
  resolved "https://registry.yarnpkg.com/tslib/-/tslib-2.7.0.tgz#d9b40c5c40ab59e8738f297df3087bf1a2690c01"
  integrity sha512-gLXCKdN1/j47AiHiOkJN69hJmcbGTHI0ImLmbYLHykhgeN0jVGola9yVjFgzCUklsZQMW55o+dW7IXv3RCXDzA==

tslib@^2.6.2:
  version "2.8.1"
  resolved "https://registry.yarnpkg.com/tslib/-/tslib-2.8.1.tgz#612efe4ed235d567e8aba5f2a5fab70280ade83f"
  integrity sha512-oJFu94HQb+KVduSUQL7wnpmqnfmLsOA/nAh6b6EH0wCEoK0/mPeXU6c3wKDV83MkOuHPRHtSXKKU99IBazS/2w==

typescript@5.9.3:
  version "5.9.3"
  resolved "https://registry.yarnpkg.com/typescript/-/typescript-5.9.3.tgz#5b4f59e15310ab17a216f5d6cf53ee476ede670f"
  integrity sha512-jl1vZzPDinLr9eUt3J/t7V6FgNEw9QjvBPdysz9KfQDD41fQrC2Y4vKQdiaUpFT4bXlb1RHhLpp8wtm6M5TgSw==

undici-types@~5.26.4:
  version "5.26.5"
  resolved "https://registry.yarnpkg.com/undici-types/-/undici-types-5.26.5.tgz#bcd539893d00b56e964fd2657a4866b221a65617"
  integrity sha512-JlCMO+ehdEIKqlFxk6IfVoAUVmgz7cU7zD/h9XZ0qzeosSHmUJVOzSQvvYSYWXkFXC+IfLKSIffhv0sVZup6pA==

undici-types@~6.19.2:
  version "6.19.8"
  resolved "https://registry.yarnpkg.com/undici-types/-/undici-types-6.19.8.tgz#35111c9d1437ab83a7cdc0abae2f26d88eda0a02"
  integrity sha512-ve2KP6f/JnbPBFyobGHuerC9g1FYGn/F8n1LWTwNxCEzd6IfqTwUQcNXgEtmmQ6DlRrC1hrSrBnCZPokRrDHjw==

ws@8.17.1:
  version "8.17.1"
  resolved "https://registry.yarnpkg.com/ws/-/ws-8.17.1.tgz#9293da530bb548febc95371d90f9c878727d919b"
  integrity sha512-6XQFvXTkbfUOZOKKILFG1PDK2NDQs4azKQl26T0YS5CxqWLgXajbPZ+h4gZekJyRqFU8pvnbAbbs/3TgRPy+GQ==
