# THIS IS AN AUTOGENERATED FILE. DO NOT EDIT THIS FILE DIRECTLY.
# yarn lockfile v1


"@adraffy/ens-normalize@1.10.1":
  version "1.10.1"
  resolved "https://registry.yarnpkg.com/@adraffy/ens-normalize/-/ens-normalize-1.10.1.tgz#63430d04bd8c5e74f8d7d049338f1cd9d4f02069"
  integrity sha512-96Z2IP3mYmF1Xg2cDm8f1gWGf/HUVedQ3FMifV4kG/PQ4yEP51xDtRAEfhVNt5f/uzpNkZHwWQuUcu6D6K+Ekw==

"@jridgewell/sourcemap-codec@^1.5.5":
  version "1.5.5"
  resolved "https://registry.yarnpkg.com/@jridgewell/sourcemap-codec/-/sourcemap-codec-1.5.5.tgz#6912b00d2c631c0d15ce1a7ab57cd657f2a8f8ba"
  integrity sha512-cYQ9310grqxueWbl+WuIUIaiUaDcj7WOq5fVhEljNVgRfOUhY9fy2zTvfoqWsnebh8Sl70VScFbICvJnLKB0Og==

"@noble/curves@1.2.0":
  version "1.2.0"
  resolved "https://registry.yarnpkg.com/@noble/curves/-/curves-1.2.0.tgz#92d7e12e4e49b23105a2555c6984d41733d65c35"
  integrity sha512-oYclrNgRaM9SsBUBVbb8M6DTV7ZHRTKugureoYEncY5c65HOmRzvSiTE3y5CYaPYJA/GVkrhXEoF0M3Ya9PMnw==
  dependencies:
    "@noble/hashes" "1.3.2"

"@noble/hashes@1.3.2":
  version "1.3.2"
  resolved "https://registry.yarnpkg.com/@noble/hashes/-/hashes-1.3.2.tgz#6f26dbc8fbc7205873ce3cee2f690eba0d421b39"
  integrity sha512-MVC8EAQp7MvEcm30KWENFjgR+Mkmf+D189XJTkFIlwohU5hcBbn1ZkKq7KVTi2Hme3PMGF390DaL52beVrIihQ==

"@rollup/plugin-commonjs@^29.0.0":
  version "29.0.2"
  resolved "https://registry.yarnpkg.com/@rollup/plugin-commonjs/-/plugin-commonjs-29.0.2.tgz#d2d84c49d0983d071f2ab96f4cfe02fe80abd602"
  integrity sha512-S/ggWH1LU7jTyi9DxZOKyxpVd4hF/OZ0JrEbeLjXk/DFXwRny0tjD2c992zOUYQobLrVkRVMDdmHP16HKP7GRg==
  dependencies:
    "@rollup/pluginutils" "^5.0.1"
    commondir "^1.0.1"
    estree-walker "^2.0.2"
    fdir "^6.2.0"
    is-reference "1.2.1"
    magic-string "^0.30.3"
    picomatch "^4.0.2"

"@rollup/plugin-json@^6.0.1":
  version "6.1.0"
  resolved "https://registry.yarnpkg.com/@rollup/plugin-json/-/plugin-json-6.1.0.tgz#fbe784e29682e9bb6dee28ea75a1a83702e7b805"
  integrity sha512-EGI2te5ENk1coGeADSIwZ7G2Q8CJS2sF120T7jLw4xFw9n7wIOXHo+kIYRAoVpJAN+kmqZSoO3Fp4JtoNF4ReA==
  dependencies:
    "@rollup/pluginutils" "^5.1.0"

"@rollup/plugin-node-resolve@^16.0.0":
  version "16.0.3"
  resolved "https://registry.yarnpkg.com/@rollup/plugin-node-resolve/-/plugin-node-resolve-16.0.3.tgz#0988e6f2cbb13316b0f5e7213f757bc9ed44928f"
  integrity sha512-lUYM3UBGuM93CnMPG1YocWu7X802BrNF3jW2zny5gQyLQgRFJhV1Sq0Zi74+dh/6NBx1DxFC4b4GXg9wUCG5Qg==
  dependencies:
    "@rollup/pluginutils" "^5.0.1"
    "@types/resolve" "1.20.2"
    deepmerge "^4.2.2"
    is-module "^1.0.0"
    resolve "^1.22.1"

"@rollup/plugin-typescript@^12.0.0":
  version "12.3.0"
  resolved "https://registry.yarnpkg.com/@rollup/plugin-typescript/-/plugin-typescript-12.3.0.tgz#cc51b830973bc14c9456fe6532f322f2a40f5f12"
  integrity sha512-7DP0/p7y3t67+NabT9f8oTBFE6gGkto4SA6Np2oudYmZE/m1dt8RB0SjL1msMxFpLo631qjRCcBlAbq1ml/Big==
  dependencies:
    "@rollup/pluginutils" "^5.1.0"
    resolve "^1.22.1"

"@rollup/pluginutils@^5.0.1", "@rollup/pluginutils@^5.1.0":
  version "5.3.0"
  resolved "https://registry.yarnpkg.com/@rollup/pluginutils/-/pluginutils-5.3.0.tgz#57ba1b0cbda8e7a3c597a4853c807b156e21a7b4"
  integrity sha512-5EdhGZtnu3V88ces7s53hhfK5KSASnJZv8Lulpc04cWO3REESroJXg73DFsOmgbU2BhwV0E20bu2IDZb3VKW4Q==
  dependencies:
    "@types/estree" "^1.0.0"
    estree-walker "^2.0.2"
    picomatch "^4.0.2"

"@rollup/rollup-android-arm-eabi@4.60.0":
  version "4.60.0"
  resolved "https://registry.yarnpkg.com/@rollup/rollup-android-arm-eabi/-/rollup-android-arm-eabi-4.60.0.tgz#7e158ddfc16f78da99c0d5ccbae6cae403ef3284"
  integrity sha512-WOhNW9K8bR3kf4zLxbfg6Pxu2ybOUbB2AjMDHSQx86LIF4rH4Ft7vmMwNt0loO0eonglSNy4cpD3MKXXKQu0/A==

"@rollup/rollup-android-arm64@4.60.0":
  version "4.60.0"
  resolved "https://registry.yarnpkg.com/@rollup/rollup-android-arm64/-/rollup-android-arm64-4.60.0.tgz#49f4ae0e22b6f9ffbcd3818b9a0758fa2d10b1cd"
  integrity sha512-u6JHLll5QKRvjciE78bQXDmqRqNs5M/3GVqZeMwvmjaNODJih/WIrJlFVEihvV0MiYFmd+ZyPr9wxOVbPAG2Iw==

"@rollup/rollup-darwin-arm64@4.60.0":
  version "4.60.0"
  resolved "https://registry.yarnpkg.com/@rollup/rollup-darwin-arm64/-/rollup-darwin-arm64-4.60.0.tgz#bb200269069acf5c1c4d79ad142524f77e8b8236"
  integrity sha512-qEF7CsKKzSRc20Ciu2Zw1wRrBz4g56F7r/vRwY430UPp/nt1x21Q/fpJ9N5l47WWvJlkNCPJz3QRVw008fi7yA==

"@rollup/rollup-darwin-x64@4.60.0":
  version "4.60.0"
  resolved "https://registry.yarnpkg.com/@rollup/rollup-darwin-x64/-/rollup-darwin-x64-4.60.0.tgz#1bf7a92b27ebdd5e0d1d48503c7811160773be1a"
  integrity sha512-WADYozJ4QCnXCH4wPB+3FuGmDPoFseVCUrANmA5LWwGmC6FL14BWC7pcq+FstOZv3baGX65tZ378uT6WG8ynTw==

"@rollup/rollup-freebsd-arm64@4.60.0":
  version "4.60.0"
  resolved "https://registry.yarnpkg.com/@rollup/rollup-freebsd-arm64/-/rollup-freebsd-arm64-4.60.0.tgz#5ccf537b99c5175008444702193ad0b1c36f7f16"
  integrity sha512-6b8wGHJlDrGeSE3aH5mGNHBjA0TTkxdoNHik5EkvPHCt351XnigA4pS7Wsj/Eo9Y8RBU6f35cjN9SYmCFBtzxw==

"@rollup/rollup-freebsd-x64@4.60.0":
  version "4.60.0"
  resolved "https://registry.yarnpkg.com/@rollup/rollup-freebsd-x64/-/rollup-freebsd-x64-4.60.0.tgz#1196ecd7bf4e128624ef83cd1f9d785114474a77"
  integrity sha512-h25Ga0t4jaylMB8M/JKAyrvvfxGRjnPQIR8lnCayyzEjEOx2EJIlIiMbhpWxDRKGKF8jbNH01NnN663dH638mA==

"@rollup/rollup-linux-arm-gnueabihf@4.60.0":
  version "4.60.0"
  resolved "https://registry.yarnpkg.com/@rollup/rollup-linux-arm-gnueabihf/-/rollup-linux-arm-gnueabihf-4.60.0.tgz#cc147633a4af229fee83a737bf2334fbac3dc28e"
  integrity sha512-RzeBwv0B3qtVBWtcuABtSuCzToo2IEAIQrcyB/b2zMvBWVbjo8bZDjACUpnaafaxhTw2W+imQbP2BD1usasK4g==

"@rollup/rollup-linux-arm-musleabihf@4.60.0":
  version "4.60.0"
  resolved "https://registry.yarnpkg.com/@rollup/rollup-linux-arm-musleabihf/-/rollup-linux-arm-musleabihf-4.60.0.tgz#3559f9f060153ea54594a42c3b87a297bedcc26e"
  integrity sha512-Sf7zusNI2CIU1HLzuu9Tc5YGAHEZs5Lu7N1ssJG4Tkw6e0MEsN7NdjUDDfGNHy2IU+ENyWT+L2obgWiguWibWQ==

"@rollup/rollup-linux-arm64-gnu@4.60.0":
  version "4.60.0"
  resolved "https://registry.yarnpkg.com/@rollup/rollup-linux-arm64-gnu/-/rollup-linux-arm64-gnu-4.60.0.tgz#e91f887b154123485cfc4b59befe2080fcd8f2df"
  integrity sha512-DX2x7CMcrJzsE91q7/O02IJQ5/aLkVtYFryqCjduJhUfGKG6yJV8hxaw8pZa93lLEpPTP/ohdN4wFz7yp/ry9A==

"@rollup/rollup-linux-arm64-musl@4.60.0":
  version "4.60.0"
  resolved "https://registry.yarnpkg.com/@rollup/rollup-linux-arm64-musl/-/rollup-linux-arm64-musl-4.60.0.tgz#660752f040df9ba44a24765df698928917c0bf21"
  integrity sha512-09EL+yFVbJZlhcQfShpswwRZ0Rg+z/CsSELFCnPt3iK+iqwGsI4zht3secj5vLEs957QvFFXnzAT0FFPIxSrkQ==

"@rollup/rollup-linux-loong64-gnu@4.60.0":
  version "4.60.0"
  resolved "https://registry.yarnpkg.com/@rollup/rollup-linux-loong64-gnu/-/rollup-linux-loong64-gnu-4.60.0.tgz#cb0e939a5fa479ccef264f3f45b31971695f869c"
  integrity sha512-i9IcCMPr3EXm8EQg5jnja0Zyc1iFxJjZWlb4wr7U2Wx/GrddOuEafxRdMPRYVaXjgbhvqalp6np07hN1w9kAKw==

"@rollup/rollup-linux-loong64-musl@4.60.0":
  version "4.60.0"
  resolved "https://registry.yarnpkg.com/@rollup/rollup-linux-loong64-musl/-/rollup-linux-loong64-musl-4.60.0.tgz#42f86fbc82cd1a81be2d346476dd3231cf5ee442"
  integrity sha512-DGzdJK9kyJ+B78MCkWeGnpXJ91tK/iKA6HwHxF4TAlPIY7GXEvMe8hBFRgdrR9Ly4qebR/7gfUs9y2IoaVEyog==

"@rollup/rollup-linux-ppc64-gnu@4.60.0":
  version "4.60.0"
  resolved "https://registry.yarnpkg.com/@rollup/rollup-linux-ppc64-gnu/-/rollup-linux-ppc64-gnu-4.60.0.tgz#39776a647a789dc95ea049277c5ef8f098df77f9"
  integrity sha512-RwpnLsqC8qbS8z1H1AxBA1H6qknR4YpPR9w2XX0vo2Sz10miu57PkNcnHVaZkbqyw/kUWfKMI73jhmfi9BRMUQ==

"@rollup/rollup-linux-ppc64-musl@4.60.0":
  version "4.60.0"
  resolved "https://registry.yarnpkg.com/@rollup/rollup-linux-ppc64-musl/-/rollup-linux-ppc64-musl-4.60.0.tgz#466f20029a8e8b3bb2954c7ddebc9586420cac2c"
  integrity sha512-Z8pPf54Ly3aqtdWC3G4rFigZgNvd+qJlOE52fmko3KST9SoGfAdSRCwyoyG05q1HrrAblLbk1/PSIV+80/pxLg==

"@rollup/rollup-linux-riscv64-gnu@4.60.0":
  version "4.60.0"
  resolved "https://registry.yarnpkg.com/@rollup/rollup-linux-riscv64-gnu/-/rollup-linux-riscv64-gnu-4.60.0.tgz#cff9877c78f12e7aa6246f6902ad913e99edb2b7"
  integrity sha512-3a3qQustp3COCGvnP4SvrMHnPQ9d1vzCakQVRTliaz8cIp/wULGjiGpbcqrkv0WrHTEp8bQD/B3HBjzujVWLOA==

"@rollup/rollup-linux-riscv64-musl@4.60.0":
  version "4.60.0"
  resolved "https://registry.yarnpkg.com/@rollup/rollup-linux-riscv64-musl/-/rollup-linux-riscv64-musl-4.60.0.tgz#9a762fb99b5a82a921017f56491b7e892b9fb17d"
  integrity sha512-pjZDsVH/1VsghMJ2/kAaxt6dL0psT6ZexQVrijczOf+PeP2BUqTHYejk3l6TlPRydggINOeNRhvpLa0AYpCWSQ==

"@rollup/rollup-linux-s390x-gnu@4.60.0":
  version "4.60.0"
  resolved "https://registry.yarnpkg.com/@rollup/rollup-linux-s390x-gnu/-/rollup-linux-s390x-gnu-4.60.0.tgz#9d25ad8ac7dab681935baf78ac5ea92d14629cdf"
  integrity sha512-3ObQs0BhvPgiUVZrN7gqCSvmFuMWvWvsjG5ayJ3Lraqv+2KhOsp+pUbigqbeWqueGIsnn+09HBw27rJ+gYK4VQ==

"@rollup/rollup-linux-x64-gnu@4.60.0":
  version "4.60.0"
  resolved "https://registry.yarnpkg.com/@rollup/rollup-linux-x64-gnu/-/rollup-linux-x64-gnu-4.60.0.tgz#5e5139e11819fa38a052368da79422cb4afcf466"
  integrity sha512-EtylprDtQPdS5rXvAayrNDYoJhIz1/vzN2fEubo3yLE7tfAw+948dO0g4M0vkTVFhKojnF+n6C8bDNe+gDRdTg==

"@rollup/rollup-linux-x64-musl@4.60.0":
  version "4.60.0"
  resolved "https://registry.yarnpkg.com/@rollup/rollup-linux-x64-musl/-/rollup-linux-x64-musl-4.60.0.tgz#b6211d46e11b1f945f5504cc794fce839331ed08"
  integrity sha512-k09oiRCi/bHU9UVFqD17r3eJR9bn03TyKraCrlz5ULFJGdJGi7VOmm9jl44vOJvRJ6P7WuBi/s2A97LxxHGIdw==

"@rollup/rollup-openbsd-x64@4.60.0":
  version "4.60.0"
  resolved "https://registry.yarnpkg.com/@rollup/rollup-openbsd-x64/-/rollup-openbsd-x64-4.60.0.tgz#e6e09eebaa7012bb9c7331b437a9e992bd94ca35"
  integrity sha512-1o/0/pIhozoSaDJoDcec+IVLbnRtQmHwPV730+AOD29lHEEo4F5BEUB24H0OBdhbBBDwIOSuf7vgg0Ywxdfiiw==

"@rollup/rollup-openharmony-arm64@4.60.0":
  version "4.60.0"
  resolved "https://registry.yarnpkg.com/@rollup/rollup-openharmony-arm64/-/rollup-openharmony-arm64-4.60.0.tgz#f7d99ae857032498e57a5e7259fb7100fd24a87e"
  integrity sha512-pESDkos/PDzYwtyzB5p/UoNU/8fJo68vcXM9ZW2V0kjYayj1KaaUfi1NmTUTUpMn4UhU4gTuK8gIaFO4UGuMbA==

"@rollup/rollup-win32-arm64-msvc@4.60.0":
  version "4.60.0"
  resolved "https://registry.yarnpkg.com/@rollup/rollup-win32-arm64-msvc/-/rollup-win32-arm64-msvc-4.60.0.tgz#41e392f5d9f3bf1253fdaf2f6d6f6b1bfc452856"
  integrity sha512-hj1wFStD7B1YBeYmvY+lWXZ7ey73YGPcViMShYikqKT1GtstIKQAtfUI6yrzPjAy/O7pO0VLXGmUVWXQMaYgTQ==

"@rollup/rollup-win32-ia32-msvc@4.60.0":
  version "4.60.0"
  resolved "https://registry.yarnpkg.com/@rollup/rollup-win32-ia32-msvc/-/rollup-win32-ia32-msvc-4.60.0.tgz#f41b0490be0e5d3cf459b4dc076a192b532adea9"
  integrity sha512-SyaIPFoxmUPlNDq5EHkTbiKzmSEmq/gOYFI/3HHJ8iS/v1mbugVa7dXUzcJGQfoytp9DJFLhHH4U3/eTy2Bq4w==

"@rollup/rollup-win32-x64-gnu@4.60.0":
  version "4.60.0"
  resolved "https://registry.yarnpkg.com/@rollup/rollup-win32-x64-gnu/-/rollup-win32-x64-gnu-4.60.0.tgz#0fcf9f1fcb750f0317b13aac3b3231687e6397a5"
  integrity sha512-RdcryEfzZr+lAr5kRm2ucN9aVlCCa2QNq4hXelZxb8GG0NJSazq44Z3PCCc8wISRuCVnGs0lQJVX5Vp6fKA+IA==

"@rollup/rollup-win32-x64-msvc@4.60.0":
  version "4.60.0"
  resolved "https://registry.yarnpkg.com/@rollup/rollup-win32-x64-msvc/-/rollup-win32-x64-msvc-4.60.0.tgz#3afdb30405f6d4248df5e72e1ca86c5eab55fab8"
  integrity sha512-PrsWNQ8BuE00O3Xsx3ALh2Df8fAj9+cvvX9AIA6o4KpATR98c9mud4XtDWVvsEuyia5U4tVSTKygawyJkjm60w==

"@types/bn.js@*":
  version "5.1.5"
  resolved "https://registry.yarnpkg.com/@types/bn.js/-/bn.js-5.1.5.tgz#2e0dacdcce2c0f16b905d20ff87aedbc6f7b4bf0"
  integrity sha512-V46N0zwKRF5Q00AZ6hWtN0T8gGmDUaUzLWQvHFo5yThtVwK/VCenFY3wXVbOvNfajEpsTfQM4IN9k/d6gUVX3A==
  dependencies:
    "@types/node" "*"

"@types/elliptic@^6.4.17":
  version "6.4.18"
  resolved "https://registry.yarnpkg.com/@types/elliptic/-/elliptic-6.4.18.tgz#bc96e26e1ccccbabe8b6f0e409c85898635482e1"
  integrity sha512-UseG6H5vjRiNpQvrhy4VF/JXdA3V/Fp5amvveaL+fs28BZ6xIKJBPnUPRlEaZpysD9MbpfaLi8lbl7PGUAkpWw==
  dependencies:
    "@types/bn.js" "*"

"@types/estree@*", "@types/estree@1.0.8", "@types/estree@^1.0.0":
  version "1.0.8"
  resolved "https://registry.yarnpkg.com/@types/estree/-/estree-1.0.8.tgz#958b91c991b1867ced318bedea0e215ee050726e"
  integrity sha512-dWHzHa2WqEXI/O1E9OjrocMTKJl2mSrEolh1Iomrv6U+JuNwaHXsXx9bLu5gG7BUWFIN0skIQJQ/L1rIex4X6w==

"@types/node@*":
  version "20.9.2"
  resolved "https://registry.yarnpkg.com/@types/node/-/node-20.9.2.tgz#002815c8e87fe0c9369121c78b52e800fadc0ac6"
  integrity sha512-WHZXKFCEyIUJzAwh3NyyTHYSR35SevJ6mZ1nWwJafKtiQbqRTIKSRcw3Ma3acqgsent3RRDqeVwpHntMk+9irg==
  dependencies:
    undici-types "~5.26.4"

"@types/node@22.7.5":
  version "22.7.5"
  resolved "https://registry.yarnpkg.com/@types/node/-/node-22.7.5.tgz#cfde981727a7ab3611a481510b473ae54442b92b"
  integrity sha512-jML7s2NAzMWc//QSJ1a3prpk78cOPchGvXJsC3C6R6PSMoooztvRVQEz89gmBTBY1SPMaqo5teB4uNHPdetShQ==
  dependencies:
    undici-types "~6.19.2"

"@types/resolve@1.20.2":
  version "1.20.2"
  resolved "https://registry.yarnpkg.com/@types/resolve/-/resolve-1.20.2.tgz#97d26e00cd4a0423b4af620abecf3e6f442b7975"
  integrity sha512-60BCwRFOZCQhDncwQdxxeOEEkbc5dIMccYLwbxsS4TUNeVECQ/pBJ0j09mrHOl/JJvpRPGwO9SvE4nR2Nb/a4Q==

aes-js@4.0.0-beta.5:
  version "4.0.0-beta.5"
  resolved "https://registry.yarnpkg.com/aes-js/-/aes-js-4.0.0-beta.5.tgz#8d2452c52adedebc3a3e28465d858c11ca315873"
  integrity sha512-G965FqalsNyrPqgEGON7nIx1e/OVENSgiEIzyC63haUMuvNnwIgIjMs52hlTCKhkBny7A2ORNlfY9Zu+jmGk1Q==

balanced-match@^4.0.2:
  version "4.0.4"
  resolved "https://registry.yarnpkg.com/balanced-match/-/balanced-match-4.0.4.tgz#bfb10662feed8196a2c62e7c68e17720c274179a"
  integrity sha512-BLrgEcRTwX2o6gGxGOCNyMvGSp35YofuYzw9h1IMTRmKqttAZZVU67bdb9Pr2vUHA8+j3i2tJfjO6C6+4myGTA==

bn.js@^4.11.9:
  version "4.12.1"
  resolved "https://registry.yarnpkg.com/bn.js/-/bn.js-4.12.1.tgz#215741fe3c9dba2d7e12c001d0cfdbae43975ba7"
  integrity sha512-k8TVBiPkPJT9uHLdOKfFpqcfprwBFOAAXXozRubr7R7PfIuKvQlzcI4M0pALeqXN09vdaMbUdUj+pass+uULAg==

brace-expansion@^5.0.2:
  version "5.0.4"
  resolved "https://registry.yarnpkg.com/brace-expansion/-/brace-expansion-5.0.4.tgz#614daaecd0a688f660bbbc909a8748c3d80d4336"
  integrity sha512-h+DEnpVvxmfVefa4jFbCf5HdH5YMDXRsmKflpf1pILZWRFlTbJpxeU55nJl4Smt5HQaGzg1o6RHFPJaOqnmBDg==
  dependencies:
    balanced-match "^4.0.2"

brorand@^1.1.0:
  version "1.1.0"
  resolved "https://registry.yarnpkg.com/brorand/-/brorand-1.1.0.tgz#12c25efe40a45e3c323eb8675a0a0ce57b22371f"
  integrity sha512-cKV8tMCEpQs4hK/ik71d6LrPOnpkpGBR0wzxqr68g2m/LB2GxVYQroAjMJZRVM1Y4BCjCKc3vAamxSzOY2RP+w==

commondir@^1.0.1:
  version "1.0.1"
  resolved "https://registry.yarnpkg.com/commondir/-/commondir-1.0.1.tgz#ddd800da0c66127393cca5950ea968a3aaf1253b"
  integrity sha512-W9pAhw0ja1Edb5GVdIF1mjZw/ASI0AlShXM83UUGe2DVr5TdAPEA1OA8m/g8zWp9x6On7gqufY+FatDbC3MDQg==

deepmerge@^4.2.2:
  version "4.3.1"
  resolved "https://registry.yarnpkg.com/deepmerge/-/deepmerge-4.3.1.tgz#44b5f2147cd3b00d4b56137685966f26fd25dd4a"
  integrity sha512-3sUqbMEc77XqpdNO7FRyRog+eW3ph+GYCbj+rK+uYyRMuwsVy0rMiVtPn+QJlKFvWP/1PYpapqYn0Me2knFn+A==

elliptic@^6.5.4:
  version "6.6.1"
  resolved "https://registry.yarnpkg.com/elliptic/-/elliptic-6.6.1.tgz#3b8ffb02670bf69e382c7f65bf524c97c5405c06"
  integrity sha512-RaddvvMatK2LJHqFJ+YA4WysVN5Ita9E35botqIYspQ4TkRAlCicdzKOjlyv/1Za5RyTNn7di//eEV0uTAfe3g==
  dependencies:
    bn.js "^4.11.9"
    brorand "^1.1.0"
    hash.js "^1.0.0"
    hmac-drbg "^1.0.1"
    inherits "^2.0.4"
    minimalistic-assert "^1.0.1"
    minimalistic-crypto-utils "^1.0.1"

estree-walker@^2.0.2:
  version "2.0.2"
  resolved "https://registry.yarnpkg.com/estree-walker/-/estree-walker-2.0.2.tgz#52f010178c2a4c117a7757cfe942adb7d2da4cac"
  integrity sha512-Rfkk/Mp/DL7JVje3u18FxFujQlTNR2q6QfMSMB7AvCBx91NGj/ba3kCfza0f6dVDbw7YlRf/nDrn7pQrCCyQ/w==

ethers@^6.0.0:
  version "6.16.0"
  resolved "https://registry.yarnpkg.com/ethers/-/ethers-6.16.0.tgz#fff9b4f05d7a359c774ad6e91085a800f7fccf65"
  integrity sha512-U1wulmetNymijEhpSEQ7Ct/P/Jw9/e7R1j5XIbPRydgV2DjLVMsULDlNksq3RQnFgKoLlZf88ijYtWEXcPa07A==
  dependencies:
    "@adraffy/ens-normalize" "1.10.1"
    "@noble/curves" "1.2.0"
    "@noble/hashes" "1.3.2"
    "@types/node" "22.7.5"
    aes-js "4.0.0-beta.5"
    tslib "2.7.0"
    ws "8.17.1"

fdir@^6.2.0:
  version "6.5.0"
  resolved "https://registry.yarnpkg.com/fdir/-/fdir-6.5.0.tgz#ed2ab967a331ade62f18d077dae192684d50d350"
  integrity sha512-tIbYtZbucOs0BRGqPJkshJUYdL+SDH7dVM8gjy+ERp3WAUjLEFJE+02kanyHtwjWOnwrKYBiwAmM0p4kLJAnXg==

fsevents@~2.3.2:
  version "2.3.3"
  resolved "https://registry.yarnpkg.com/fsevents/-/fsevents-2.3.3.tgz#cac6407785d03675a2a5e1a5305c697b347d90d6"
  integrity sha512-5xoDfX+fL7faATnagmWPpbFtwh/R77WmMMqqHGS65C3vvB0YHrgF+B1YmZ3441tMj5n63k0212XNoJwzlhffQw==

function-bind@^1.1.2:
  version "1.1.2"
  resolved "https://registry.yarnpkg.com/function-bind/-/function-bind-1.1.2.tgz#2c02d864d97f3ea6c8830c464cbd11ab6eab7a1c"
  integrity sha512-7XHNxH7qX9xG5mIwxkhumTox/MIRNcOgDrxWsMt2pAr23WHp6MrRlN7FBSFpCpr+oVO0F744iUgR82nJMfG2SA==

glob@^13.0.3:
  version "13.0.6"
  resolved "https://registry.yarnpkg.com/glob/-/glob-13.0.6.tgz#078666566a425147ccacfbd2e332deb66a2be71d"
  integrity sha512-Wjlyrolmm8uDpm/ogGyXZXb1Z+Ca2B8NbJwqBVg0axK9GbBeoS7yGV6vjXnYdGm6X53iehEuxxbyiKp8QmN4Vw==
  dependencies:
    minimatch "^10.2.2"
    minipass "^7.1.3"
    path-scurry "^2.0.2"

hash.js@^1.0.0, hash.js@^1.0.3:
  version "1.1.7"
  resolved "https://registry.yarnpkg.com/hash.js/-/hash.js-1.1.7.tgz#0babca538e8d4ee4a0f8988d68866537a003cf42"
  integrity sha512-taOaskGt4z4SOANNseOviYDvjEJinIkRgmp7LbKP2YTTmVxWBl87s/uzK9r+44BclBSp2X7K1hqeNfz9JbBeXA==
  dependencies:
    inherits "^2.0.3"
    minimalistic-assert "^1.0.1"

hasown@^2.0.2:
  version "2.0.2"
  resolved "https://registry.yarnpkg.com/hasown/-/hasown-2.0.2.tgz#003eaf91be7adc372e84ec59dc37252cedb80003"
  integrity sha512-0hJU9SCPvmMzIBdZFqNPXWa6dqh7WdH0cII9y+CyS8rG3nL48Bclra9HmKhVVUHyPWNH5Y7xDwAB7bfgSjkUMQ==
  dependencies:
    function-bind "^1.1.2"

hmac-drbg@^1.0.1:
  version "1.0.1"
  resolved "https://registry.yarnpkg.com/hmac-drbg/-/hmac-drbg-1.0.1.tgz#d2745701025a6c775a6c545793ed502fc0c649a1"
  integrity sha512-Tti3gMqLdZfhOQY1Mzf/AanLiqh1WTiJgEj26ZuYQ9fbkLomzGchCws4FyrSd4VkpBfiNhaE1On+lOz894jvXg==
  dependencies:
    hash.js "^1.0.3"
    minimalistic-assert "^1.0.0"
    minimalistic-crypto-utils "^1.0.1"

husky@9.1.7:
  version "9.1.7"
  resolved "https://registry.yarnpkg.com/husky/-/husky-9.1.7.tgz#d46a38035d101b46a70456a850ff4201344c0b2d"
  integrity sha512-5gs5ytaNjBrh5Ow3zrvdUUY+0VxIuWVL4i9irt6friV+BqdCfmV11CQTWMiBYWHbXhco+J1kHfTOUkePhCDvMA==

inherits@^2.0.3, inherits@^2.0.4:
  version "2.0.4"
  resolved "https://registry.yarnpkg.com/inherits/-/inherits-2.0.4.tgz#0fa2c64f932917c3433a0ded55363aae37416b7c"
  integrity sha512-k/vGaX4/Yla3WzyMCvTQOXYeIHvqOKtnqBduzTHpzpQZzAskKMhZ2K+EnBiSM9zGSoIFeMpXKxa4dYeZIQqewQ==

is-core-module@^2.16.1:
  version "2.16.1"
  resolved "https://registry.yarnpkg.com/is-core-module/-/is-core-module-2.16.1.tgz#2a98801a849f43e2add644fbb6bc6229b19a4ef4"
  integrity sha512-UfoeMA6fIJ8wTYFEUjelnaGI67v6+N7qXJEvQuIGa99l4xsCruSYOVSQ0uPANn4dAzm8lkYPaKLrrijLq7x23w==
  dependencies:
    hasown "^2.0.2"

is-module@^1.0.0:
  version "1.0.0"
  resolved "https://registry.yarnpkg.com/is-module/-/is-module-1.0.0.tgz#3258fb69f78c14d5b815d664336b4cffb6441591"
  integrity sha512-51ypPSPCoTEIN9dy5Oy+h4pShgJmPCygKfyRCISBI+JoWT/2oJvK8QPxmwv7b/p239jXrm9M1mlQbyKJ5A152g==

is-reference@1.2.1:
  version "1.2.1"
  resolved "https://registry.yarnpkg.com/is-reference/-/is-reference-1.2.1.tgz#8b2dac0b371f4bc994fdeaba9eb542d03002d0b7"
  integrity sha512-U82MsXXiFIrjCK4otLT+o2NA2Cd2g5MLoOVXUZjIOhLurrRxpEXzI8O0KZHr3IjLvlAH1kTPYSuqer5T9ZVBKQ==
  dependencies:
    "@types/estree" "*"

lru-cache@^11.0.0:
  version "11.2.7"
  resolved "https://registry.yarnpkg.com/lru-cache/-/lru-cache-11.2.7.tgz#9127402617f34cd6767b96daee98c28e74458d35"
  integrity sha512-aY/R+aEsRelme17KGQa/1ZSIpLpNYYrhcrepKTZgE+W3WM16YMCaPwOHLHsmopZHELU0Ojin1lPVxKR0MihncA==

magic-string@^0.30.3:
  version "0.30.21"
  resolved "https://registry.yarnpkg.com/magic-string/-/magic-string-0.30.21.tgz#56763ec09a0fa8091df27879fd94d19078c00d91"
  integrity sha512-vd2F4YUyEXKGcLHoq+TEyCjxueSeHnFxyyjNp80yg0XV4vUhnDer/lvvlqM/arB5bXQN5K2/3oinyCRyx8T2CQ==
  dependencies:
    "@jridgewell/sourcemap-codec" "^1.5.5"

minimalistic-assert@^1.0.0, minimalistic-assert@^1.0.1:
  version "1.0.1"
  resolved "https://registry.yarnpkg.com/minimalistic-assert/-/minimalistic-assert-1.0.1.tgz#2e194de044626d4a10e7f7fbc00ce73e83e4d5c7"
  integrity sha512-UtJcAD4yEaGtjPezWuO9wC4nwUnVH/8/Im3yEHQP4b67cXlD/Qr9hdITCU1xDbSEXg2XKNaP8jsReV7vQd00/A==

minimalistic-crypto-utils@^1.0.1:
  version "1.0.1"
  resolved "https://registry.yarnpkg.com/minimalistic-crypto-utils/-/minimalistic-crypto-utils-1.0.1.tgz#f6c00c1c0b082246e5c4d99dfb8c7c083b2b582a"
  integrity sha512-JIYlbt6g8i5jKfJ3xz7rF0LXmv2TkDxBLUkiBeZ7bAx4GnnNMr8xFpGnOxn6GhTEHx3SjRrZEoU+j04prX1ktg==

minimatch@^10.2.2:
  version "10.2.4"
  resolved "https://registry.yarnpkg.com/minimatch/-/minimatch-10.2.4.tgz#465b3accbd0218b8281f5301e27cedc697f96fde"
  integrity sha512-oRjTw/97aTBN0RHbYCdtF1MQfvusSIBQM0IZEgzl6426+8jSC0nF1a/GmnVLpfB9yyr6g6FTqWqiZVbxrtaCIg==
  dependencies:
    brace-expansion "^5.0.2"

minipass@^7.1.2, minipass@^7.1.3:
  version "7.1.3"
  resolved "https://registry.yarnpkg.com/minipass/-/minipass-7.1.3.tgz#79389b4eb1bb2d003a9bba87d492f2bd37bdc65b"
  integrity sha512-tEBHqDnIoM/1rXME1zgka9g6Q2lcoCkxHLuc7ODJ5BxbP5d4c2Z5cGgtXAku59200Cx7diuHTOYfSBD8n6mm8A==

package-json-from-dist@^1.0.1:
  version "1.0.1"
  resolved "https://registry.yarnpkg.com/package-json-from-dist/-/package-json-from-dist-1.0.1.tgz#4f1471a010827a86f94cfd9b0727e36d267de505"
  integrity sha512-UEZIS3/by4OC8vL3P2dTXRETpebLI2NiI5vIrjaD/5UtrkFX/tNbwjTSRAGC/+7CAo2pIcBaRgWmcBBHcsaCIw==

path-parse@^1.0.7:
  version "1.0.7"
  resolved "https://registry.yarnpkg.com/path-parse/-/path-parse-1.0.7.tgz#fbc114b60ca42b30d9daf5858e4bd68bbedb6735"
  integrity sha512-LDJzPVEEEPR+y48z93A0Ed0yXb8pAByGWo/k5YYdYgpY2/2EsOsksJrq7lOHxryrVOn1ejG6oAp8ahvOIQD8sw==

path-scurry@^2.0.2:
  version "2.0.2"
  resolved "https://registry.yarnpkg.com/path-scurry/-/path-scurry-2.0.2.tgz#6be0d0ee02a10d9e0de7a98bae65e182c9061f85"
  integrity sha512-3O/iVVsJAPsOnpwWIeD+d6z/7PmqApyQePUtCndjatj/9I5LylHvt5qluFaBT3I5h3r1ejfR056c+FCv+NnNXg==
  dependencies:
    lru-cache "^11.0.0"
    minipass "^7.1.2"

picomatch@^4.0.2:
  version "4.0.3"
  resolved "https://registry.yarnpkg.com/picomatch/-/picomatch-4.0.3.tgz#796c76136d1eead715db1e7bad785dedd695a042"
  integrity sha512-5gTmgEY/sqK6gFXLIsQNH19lWb4ebPDLA4SdLP7dsWkIXHWlG66oPuVvXSGFPppYZz8ZDZq0dYYrbHfBCVUb1Q==

prettier@3.8.1:
  version "3.8.1"
  resolved "https://registry.yarnpkg.com/prettier/-/prettier-3.8.1.tgz#edf48977cf991558f4fcbd8a3ba6015ba2a3a173"
  integrity sha512-UOnG6LftzbdaHZcKoPFtOcCKztrQ57WkHDeRD9t/PTQtmT0NHSeWWepj6pS0z/N7+08BHFDQVUrfmfMRcZwbMg==

resolve@^1.22.1:
  version "1.22.11"
  resolved "https://registry.yarnpkg.com/resolve/-/resolve-1.22.11.tgz#aad857ce1ffb8bfa9b0b1ac29f1156383f68c262"
  integrity sha512-RfqAvLnMl313r7c9oclB1HhUEAezcpLjz95wFH4LVuhk9JF/r22qmVP9AMmOU4vMX7Q8pN8jwNg/CSpdFnMjTQ==
  dependencies:
    is-core-module "^2.16.1"
    path-parse "^1.0.7"
    supports-preserve-symlinks-flag "^1.0.0"

rimraf@6.1.3:
  version "6.1.3"
  resolved "https://registry.yarnpkg.com/rimraf/-/rimraf-6.1.3.tgz#afbee236b3bd2be331d4e7ce4493bac1718981af"
  integrity sha512-LKg+Cr2ZF61fkcaK1UdkH2yEBBKnYjTyWzTJT6KNPcSPaiT7HSdhtMXQuN5wkTX0Xu72KQ1l8S42rlmexS2hSA==
  dependencies:
    glob "^13.0.3"
    package-json-from-dist "^1.0.1"

rollup@^4.0.0:
  version "4.60.0"
  resolved "https://registry.yarnpkg.com/rollup/-/rollup-4.60.0.tgz#d7d68c8cda873e96e08b2443505609b7e7be9eb8"
  integrity sha512-yqjxruMGBQJ2gG4HtjZtAfXArHomazDHoFwFFmZZl0r7Pdo7qCIXKqKHZc8yeoMgzJJ+pO6pEEHa+V7uzWlrAQ==
  dependencies:
    "@types/estree" "1.0.8"
  optionalDependencies:
    "@rollup/rollup-android-arm-eabi" "4.60.0"
    "@rollup/rollup-android-arm64" "4.60.0"
    "@rollup/rollup-darwin-arm64" "4.60.0"
    "@rollup/rollup-darwin-x64" "4.60.0"
    "@rollup/rollup-freebsd-arm64" "4.60.0"
    "@rollup/rollup-freebsd-x64" "4.60.0"
    "@rollup/rollup-linux-arm-gnueabihf" "4.60.0"
    "@rollup/rollup-linux-arm-musleabihf" "4.60.0"
    "@rollup/rollup-linux-arm64-gnu" "4.60.0"
    "@rollup/rollup-linux-arm64-musl" "4.60.0"
    "@rollup/rollup-linux-loong64-gnu" "4.60.0"
    "@rollup/rollup-linux-loong64-musl" "4.60.0"
    "@rollup/rollup-linux-ppc64-gnu" "4.60.0"
    "@rollup/rollup-linux-ppc64-musl" "4.60.0"
    "@rollup/rollup-linux-riscv64-gnu" "4.60.0"
    "@rollup/rollup-linux-riscv64-musl" "4.60.0"
    "@rollup/rollup-linux-s390x-gnu" "4.60.0"
    "@rollup/rollup-linux-x64-gnu" "4.60.0"
    "@rollup/rollup-linux-x64-musl" "4.60.0"
    "@rollup/rollup-openbsd-x64" "4.60.0"
    "@rollup/rollup-openharmony-arm64" "4.60.0"
    "@rollup/rollup-win32-arm64-msvc" "4.60.0"
    "@rollup/rollup-win32-ia32-msvc" "4.60.0"
    "@rollup/rollup-win32-x64-gnu" "4.60.0"
    "@rollup/rollup-win32-x64-msvc" "4.60.0"
    fsevents "~2.3.2"

supports-preserve-symlinks-flag@^1.0.0:
  version "1.0.0"
  resolved "https://registry.yarnpkg.com/supports-preserve-symlinks-flag/-/supports-preserve-symlinks-flag-1.0.0.tgz#6eda4bd344a3c94aea376d4cc31bc77311039e09"
  integrity sha512-ot0WnXS9fgdkgIcePe6RHNk1WA8+muPa6cSjeR3V8K27q9BB1rTE3R1p7Hv0z1ZyAc8s6Vvv8DIyWf681MAt0w==

tslib@2.7.0:
  version "2.7.0"
  resolved "https://registry.yarnpkg.com/tslib/-/tslib-2.7.0.tgz#d9b40c5c40ab59e8738f297df3087bf1a2690c01"
  integrity sha512-gLXCKdN1/j47AiHiOkJN69hJmcbGTHI0ImLmbYLHykhgeN0jVGola9yVjFgzCUklsZQMW55o+dW7IXv3RCXDzA==

tslib@^2.6.2:
  version "2.8.1"
  resolved "https://registry.yarnpkg.com/tslib/-/tslib-2.8.1.tgz#612efe4ed235d567e8aba5f2a5fab70280ade83f"
  integrity sha512-oJFu94HQb+KVduSUQL7wnpmqnfmLsOA/nAh6b6EH0wCEoK0/mPeXU6c3wKDV83MkOuHPRHtSXKKU99IBazS/2w==

typescript@6.0.2:
  version "6.0.2"
  resolved "https://registry.yarnpkg.com/typescript/-/typescript-6.0.2.tgz#0b1bfb15f68c64b97032f3d78abbf98bdbba501f"
  integrity sha512-bGdAIrZ0wiGDo5l8c++HWtbaNCWTS4UTv7RaTH/ThVIgjkveJt83m74bBHMJkuCbslY8ixgLBVZJIOiQlQTjfQ==

undici-types@~5.26.4:
  version "5.26.5"
  resolved "https://registry.yarnpkg.com/undici-types/-/undici-types-5.26.5.tgz#bcd539893d00b56e964fd2657a4866b221a65617"
  integrity sha512-JlCMO+ehdEIKqlFxk6IfVoAUVmgz7cU7zD/h9XZ0qzeosSHmUJVOzSQvvYSYWXkFXC+IfLKSIffhv0sVZup6pA==

undici-types@~6.19.2:
  version "6.19.8"
  resolved "https://registry.yarnpkg.com/undici-types/-/undici-types-6.19.8.tgz#35111c9d1437ab83a7cdc0abae2f26d88eda0a02"
  integrity sha512-ve2KP6f/JnbPBFyobGHuerC9g1FYGn/F8n1LWTwNxCEzd6IfqTwUQcNXgEtmmQ6DlRrC1hrSrBnCZPokRrDHjw==

ws@8.17.1:
  version "8.17.1"
  resolved "https://registry.yarnpkg.com/ws/-/ws-8.17.1.tgz#9293da530bb548febc95371d90f9c878727d919b"
  integrity sha512-6XQFvXTkbfUOZOKKILFG1PDK2NDQs4azKQl26T0YS5CxqWLgXajbPZ+h4gZekJyRqFU8pvnbAbbs/3TgRPy+GQ==
